// !$*UTF8*$!
{
	archiveVersion = 1;
	classes = {
	};
	objectVersion = 50;
	objects = {

/* Begin PBXBuildFile section */
		2A083A262368741C00F8F2CA /* ReservaCelda.swift in Sources */ = {isa = PBXBuildFile; fileRef = 2A083A252368741C00F8F2CA /* ReservaCelda.swift */; };
		2A083A282368748F00F8F2CA /* Reserva.swift in Sources */ = {isa = PBXBuildFile; fileRef = 2A083A272368748F00F8F2CA /* Reserva.swift */; };
		2A083A2A23687E3C00F8F2CA /* CartaCelda.swift in Sources */ = {isa = PBXBuildFile; fileRef = 2A083A2923687E3C00F8F2CA /* CartaCelda.swift */; };
		2A083A2C23687F2800F8F2CA /* Carta.swift in Sources */ = {isa = PBXBuildFile; fileRef = 2A083A2B23687F2800F8F2CA /* Carta.swift */; };
		2A0C579C2367424B004D1708 /* AppDelegate.swift in Sources */ = {isa = PBXBuildFile; fileRef = 2A0C579B2367424B004D1708 /* AppDelegate.swift */; };
		2A0C57A12367424B004D1708 /* Main.storyboard in Resources */ = {isa = PBXBuildFile; fileRef = 2A0C579F2367424B004D1708 /* Main.storyboard */; };
		2A0C57A42367424B004D1708 /* TresPuntos.xcdatamodeld in Sources */ = {isa = PBXBuildFile; fileRef = 2A0C57A22367424B004D1708 /* TresPuntos.xcdatamodeld */; };
		2A0C57A62367424D004D1708 /* Assets.xcassets in Resources */ = {isa = PBXBuildFile; fileRef = 2A0C57A52367424D004D1708 /* Assets.xcassets */; };
		2A0C57A92367424D004D1708 /* LaunchScreen.storyboard in Resources */ = {isa = PBXBuildFile; fileRef = 2A0C57A72367424D004D1708 /* LaunchScreen.storyboard */; };
		2A753EEE23676EDD00404177 /* SWRevealViewController.m in Sources */ = {isa = PBXBuildFile; fileRef = 2A753EEC23676EDD00404177 /* SWRevealViewController.m */; };
		2A753EF1236770CD00404177 /* ReservasListado.swift in Sources */ = {isa = PBXBuildFile; fileRef = 2A753EF0236770CD00404177 /* ReservasListado.swift */; };
		2A753EF4236772D900404177 /* CartaListado.swift in Sources */ = {isa = PBXBuildFile; fileRef = 2A753EF3236772D900404177 /* CartaListado.swift */; };
		2A753EF7236773AD00404177 /* ContactoVista.swift in Sources */ = {isa = PBXBuildFile; fileRef = 2A753EF6236773AD00404177 /* ContactoVista.swift */; };
/* End PBXBuildFile section */

/* Begin PBXFileReference section */
		2A083A252368741C00F8F2CA /* ReservaCelda.swift */ = {isa = PBXFileReference; lastKnownFileType = sourcecode.swift; path = ReservaCelda.swift; sourceTree = "<group>"; };
		2A083A272368748F00F8F2CA /* Reserva.swift */ = {isa = PBXFileReference; lastKnownFileType = sourcecode.swift; path = Reserva.swift; sourceTree = "<group>"; };
		2A083A2923687E3C00F8F2CA /* CartaCelda.swift */ = {isa = PBXFileReference; lastKnownFileType = sourcecode.swift; path = CartaCelda.swift; sourceTree = "<group>"; };
		2A083A2B23687F2800F8F2CA /* Carta.swift */ = {isa = PBXFileReference; lastKnownFileType = sourcecode.swift; path = Carta.swift; sourceTree = "<group>"; };
		2A0C57982367424B004D1708 /* TresPuntos.app */ = {isa = PBXFileReference; explicitFileType = wrapper.application; includeInIndex = 0; path = TresPuntos.app; sourceTree = BUILT_PRODUCTS_DIR; };
		2A0C579B2367424B004D1708 /* AppDelegate.swift */ = {isa = PBXFileReference; lastKnownFileType = sourcecode.swift; path = AppDelegate.swift; sourceTree = "<group>"; };
		2A0C57A02367424B004D1708 /* Base */ = {isa = PBXFileReference; lastKnownFileType = file.storyboard; name = Base; path = Base.lproj/Main.storyboard; sourceTree = "<group>"; };
		2A0C57A32367424B004D1708 /* TresPuntos.xcdatamodel */ = {isa = PBXFileReference; lastKnownFileType = wrapper.xcdatamodel; path = TresPuntos.xcdatamodel; sourceTree = "<group>"; };
		2A0C57A52367424D004D1708 /* Assets.xcassets */ = {isa = PBXFileReference; lastKnownFileType = folder.assetcatalog; path = Assets.xcassets; sourceTree = "<group>"; };
		2A0C57A82367424D004D1708 /* Base */ = {isa = PBXFileReference; lastKnownFileType = file.storyboard; name = Base; path = Base.lproj/LaunchScreen.storyboard; sourceTree = "<group>"; };
		2A0C57AA2367424D004D1708 /* Info.plist */ = {isa = PBXFileReference; lastKnownFileType = text.plist.xml; path = Info.plist; sourceTree = "<group>"; };
		2A753EEB23676EDC00404177 /* TresPuntos-Bridging-Header.h */ = {isa = PBXFileReference; lastKnownFileType = sourcecode.c.h; path = "TresPuntos-Bridging-Header.h"; sourceTree = "<group>"; };
		2A753EEC23676EDD00404177 /* SWRevealViewController.m */ = {isa = PBXFileReference; fileEncoding = 4; lastKnownFileType = sourcecode.c.objc; path = SWRevealViewController.m; sourceTree = "<group>"; };
		2A753EED23676EDD00404177 /* SWRevealViewController.h */ = {isa = PBXFileReference; fileEncoding = 4; lastKnownFileType = sourcecode.c.h; path = SWRevealViewController.h; sourceTree = "<group>"; };
		2A753EF0236770CD00404177 /* ReservasListado.swift */ = {isa = PBXFileReference; lastKnownFileType = sourcecode.swift; path = ReservasListado.swift; sourceTree = "<group>"; };
		2A753EF3236772D900404177 /* CartaListado.swift */ = {isa = PBXFileReference; lastKnownFileType = sourcecode.swift; path = CartaListado.swift; sourceTree = "<group>"; };
		2A753EF6236773AD00404177 /* ContactoVista.swift */ = {isa = PBXFileReference; lastKnownFileType = sourcecode.swift; path = ContactoVista.swift; sourceTree = "<group>"; };
/* End PBXFileReference section */

/* Begin PBXFrameworksBuildPhase section */
		2A0C57952367424B004D1708 /* Frameworks */ = {
			isa = PBXFrameworksBuildPhase;
			buildActionMask = 2147483647;
			files = (
			);
			runOnlyForDeploymentPostprocessing = 0;
		};
/* End PBXFrameworksBuildPhase section */

/* Begin PBXGroup section */
		2A0C578F2367424B004D1708 = {
			isa = PBXGroup;
			children = (
				2A0C579A2367424B004D1708 /* TresPuntos */,
				2A0C57992367424B004D1708 /* Products */,
			);
			sourceTree = "<group>";
		};
		2A0C57992367424B004D1708 /* Products */ = {
			isa = PBXGroup;
			children = (
				2A0C57982367424B004D1708 /* TresPuntos.app */,
			);
			name = Products;
			sourceTree = "<group>";
		};
		2A0C579A2367424B004D1708 /* TresPuntos */ = {
			isa = PBXGroup;
			children = (
				2A753EEA23676EB700404177 /* SWRevealViewController */,
				2A0C579B2367424B004D1708 /* AppDelegate.swift */,
				2A753EF0236770CD00404177 /* ReservasListado.swift */,
				2A083A252368741C00F8F2CA /* ReservaCelda.swift */,
				2A083A272368748F00F8F2CA /* Reserva.swift */,
				2A753EF3236772D900404177 /* CartaListado.swift */,
				2A083A2923687E3C00F8F2CA /* CartaCelda.swift */,
				2A083A2B23687F2800F8F2CA /* Carta.swift */,
				2A753EF6236773AD00404177 /* ContactoVista.swift */,
				2A0C579F2367424B004D1708 /* Main.storyboard */,
				2A0C57A52367424D004D1708 /* Assets.xcassets */,
				2A0C57A72367424D004D1708 /* LaunchScreen.storyboard */,
				2A0C57AA2367424D004D1708 /* Info.plist */,
				2A0C57A22367424B004D1708 /* TresPuntos.xcdatamodeld */,
			);
			path = TresPuntos;
			sourceTree = "<group>";
		};
		2A753EEA23676EB700404177 /* SWRevealViewController */ = {
			isa = PBXGroup;
			children = (
				2A753EED23676EDD00404177 /* SWRevealViewController.h */,
				2A753EEC23676EDD00404177 /* SWRevealViewController.m */,
				2A753EEB23676EDC00404177 /* TresPuntos-Bridging-Header.h */,
			);
			path = SWRevealViewController;
			sourceTree = "<group>";
		};
/* End PBXGroup section */

/* Begin PBXNativeTarget section */
		2A0C57972367424B004D1708 /* TresPuntos */ = {
			isa = PBXNativeTarget;
			buildConfigurationList = 2A0C57AD2367424D004D1708 /* Build configuration list for PBXNativeTarget "TresPuntos" */;
			buildPhases = (
				2A0C57942367424B004D1708 /* Sources */,
				2A0C57952367424B004D1708 /* Frameworks */,
				2A0C57962367424B004D1708 /* Resources */,
			);
			buildRules = (
			);
			dependencies = (
			);
			name = TresPuntos;
			productName = TresPuntos;
			productReference = 2A0C57982367424B004D1708 /* TresPuntos.app */;
			productType = "com.apple.product-type.application";
		};
/* End PBXNativeTarget section */

/* Begin PBXProject section */
		2A0C57902367424B004D1708 /* Project object */ = {
			isa = PBXProject;
			attributes = {
				LastSwiftUpdateCheck = 1010;
				LastUpgradeCheck = 1010;
				ORGANIZATIONNAME = "Xiomara Sánchez";
				TargetAttributes = {
					2A0C57972367424B004D1708 = {
						CreatedOnToolsVersion = 10.1;
						LastSwiftMigration = 1010;
					};
				};
			};
			buildConfigurationList = 2A0C57932367424B004D1708 /* Build configuration list for PBXProject "TresPuntos" */;
			compatibilityVersion = "Xcode 9.3";
			developmentRegion = en;
			hasScannedForEncodings = 0;
			knownRegions = (
				en,
				Base,
			);
			mainGroup = 2A0C578F2367424B004D1708;
			productRefGroup = 2A0C57992367424B004D1708 /* Products */;
			projectDirPath = "";
			projectRoot = "";
			targets = (
				2A0C57972367424B004D1708 /* TresPuntos */,
			);
		};
/* End PBXProject section */

/* Begin PBXResourcesBuildPhase section */
		2A0C57962367424B004D1708 /* Resources */ = {
			isa = PBXResourcesBuildPhase;
			buildActionMask = 2147483647;
			files = (
				2A0C57A92367424D004D1708 /* LaunchScreen.storyboard in Resources */,
				2A0C57A62367424D004D1708 /* Assets.xcassets in Resources */,
				2A0C57A12367424B004D1708 /* Main.storyboard in Resources */,
			);
			runOnlyForDeploymentPostprocessing = 0;
		};
/* End PBXResourcesBuildPhase section */

/* Begin PBXSourcesBuildPhase section */
		2A0C57942367424B004D1708 /* Sources */ = {
			isa = PBXSourcesBuildPhase;
			buildActionMask = 2147483647;
			files = (
				2A083A282368748F00F8F2CA /* Reserva.swift in Sources */,
				2A753EF7236773AD00404177 /* ContactoVista.swift in Sources */,
				2A0C579C2367424B004D1708 /* AppDelegate.swift in Sources */,
				2A083A2A23687E3C00F8F2CA /* CartaCelda.swift in Sources */,
				2A0C57A42367424B004D1708 /* TresPuntos.xcdatamodeld in Sources */,
				2A083A2C23687F2800F8F2CA /* Carta.swift in Sources */,
				2A753EF4236772D900404177 /* CartaListado.swift in Sources */,
				2A753EEE23676EDD00404177 /* SWRevealViewController.m in Sources */,
				2A083A262368741C00F8F2CA /* ReservaCelda.swift in Sources */,
				2A753EF1236770CD00404177 /* ReservasListado.swift in Sources */,
			);
			runOnlyForDeploymentPostprocessing = 0;
		};
/* End PBXSourcesBuildPhase section */

/* Begin PBXVariantGroup section */
		2A0C579F2367424B004D1708 /* Main.storyboard */ = {
			isa = PBXVariantGroup;
			children = (
				2A0C57A02367424B004D1708 /* Base */,
			);
			name = Main.storyboard;
			sourceTree = "<group>";
		};
		2A0C57A72367424D004D1708 /* LaunchScreen.storyboard */ = {
			isa = PBXVariantGroup;
			children = (
				2A0C57A82367424D004D1708 /* Base */,
			);
			name = LaunchScreen.storyboard;
			sourceTree = "<group>";
		};
/* End PBXVariantGroup section */

/* Begin XCBuildConfiguration section */
		2A0C57AB2367424D004D1708 /* Debug */ = {
			isa = XCBuildConfiguration;
			buildSettings = {
				ALWAYS_SEARCH_USER_PATHS = NO;
				CLANG_ANALYZER_NONNULL = YES;
				CLANG_ANALYZER_NUMBER_OBJECT_CONVERSION = YES_AGGRESSIVE;
				CLANG_CXX_LANGUAGE_STANDARD = "gnu++14";
				CLANG_CXX_LIBRARY = "libc++";
				CLANG_ENABLE_MODULES = YES;
				CLANG_ENABLE_OBJC_ARC = YES;
				CLANG_ENABLE_OBJC_WEAK = YES;
				CLANG_WARN_BLOCK_CAPTURE_AUTORELEASING = YES;
				CLANG_WARN_BOOL_CONVERSION = YES;
				CLANG_WARN_COMMA = YES;
				CLANG_WARN_CONSTANT_CONVERSION = YES;
				CLANG_WARN_DEPRECATED_OBJC_IMPLEMENTATIONS = YES;
				CLANG_WARN_DIRECT_OBJC_ISA_USAGE = YES_ERROR;
				CLANG_WARN_DOCUMENTATION_COMMENTS = YES;
				CLANG_WARN_EMPTY_BODY = YES;
				CLANG_WARN_ENUM_CONVERSION = YES;
				CLANG_WARN_INFINITE_RECURSION = YES;
				CLANG_WARN_INT_CONVERSION = YES;
				CLANG_WARN_NON_LITERAL_NULL_CONVERSION = YES;
				CLANG_WARN_OBJC_IMPLICIT_RETAIN_SELF = YES;
				CLANG_WARN_OBJC_LITERAL_CONVERSION = YES;
				CLANG_WARN_OBJC_ROOT_CLASS = YES_ERROR;
				CLANG_WARN_RANGE_LOOP_ANALYSIS = YES;
				CLANG_WARN_STRICT_PROTOTYPES = YES;
				CLANG_WARN_SUSPICIOUS_MOVE = YES;
				CLANG_WARN_UNGUARDED_AVAILABILITY = YES_AGGRESSIVE;
				CLANG_WARN_UNREACHABLE_CODE = YES;
				CLANG_WARN__DUPLICATE_METHOD_MATCH = YES;
				CODE_SIGN_IDENTITY = "iPhone Developer";
				COPY_PHASE_STRIP = NO;
				DEBUG_INFORMATION_FORMAT = dwarf;
				ENABLE_STRICT_OBJC_MSGSEND = YES;
				ENABLE_TESTABILITY = YES;
				GCC_C_LANGUAGE_STANDARD = gnu11;
				GCC_DYNAMIC_NO_PIC = NO;
				GCC_NO_COMMON_BLOCKS = YES;
				GCC_OPTIMIZATION_LEVEL = 0;
				GCC_PREPROCESSOR_DEFINITIONS = (
					"DEBUG=1",
					"$(inherited)",
				);
				GCC_WARN_64_TO_32_BIT_CONVERSION = YES;
				GCC_WARN_ABOUT_RETURN_TYPE = YES_ERROR;
				GCC_WARN_UNDECLARED_SELECTOR = YES;
				GCC_WARN_UNINITIALIZED_AUTOS = YES_AGGRESSIVE;
				GCC_WARN_UNUSED_FUNCTION = YES;
				GCC_WARN_UNUSED_VARIABLE = YES;
				IPHONEOS_DEPLOYMENT_TARGET = 12.1;
				MTL_ENABLE_DEBUG_INFO = INCLUDE_SOURCE;
				MTL_FAST_MATH = YES;
				ONLY_ACTIVE_ARCH = YES;
				SDKROOT = iphoneos;
				SWIFT_ACTIVE_COMPILATION_CONDITIONS = DEBUG;
				SWIFT_OPTIMIZATION_LEVEL = "-Onone";
			};
			name = Debug;
		};
		2A0C57AC2367424D004D1708 /* Release */ = {
			isa = XCBuildConfiguration;
			buildSettings = {
				ALWAYS_SEARCH_USER_PATHS = NO;
				CLANG_ANALYZER_NONNULL = YES;
				CLANG_ANALYZER_NUMBER_OBJECT_CONVERSION = YES_AGGRESSIVE;
				CLANG_CXX_LANGUAGE_STANDARD = "gnu++14";
				CLANG_CXX_LIBRARY = "libc++";
				CLANG_ENABLE_MODULES = YES;
				CLANG_ENABLE_OBJC_ARC = YES;
				CLANG_ENABLE_OBJC_WEAK = YES;
				CLANG_WARN_BLOCK_CAPTURE_AUTORELEASING = YES;
				CLANG_WARN_BOOL_CONVERSION = YES;
				CLANG_WARN_COMMA = YES;
				CLANG_WARN_CONSTANT_CONVERSION = YES;
				CLANG_WARN_DEPRECATED_OBJC_IMPLEMENTATIONS = YES;
				CLANG_WARN_DIRECT_OBJC_ISA_USAGE = YES_ERROR;
				CLANG_WARN_DOCUMENTATION_COMMENTS = YES;
				CLANG_WARN_EMPTY_BODY = YES;
				CLANG_WARN_ENUM_CONVERSION = YES;
				CLANG_WARN_INFINITE_RECURSION = YES;
				CLANG_WARN_INT_CONVERSION = YES;
				CLANG_WARN_NON_LITERAL_NULL_CONVERSION = YES;
				CLANG_WARN_OBJC_IMPLICIT_RETAIN_SELF = YES;
				CLANG_WARN_OBJC_LITERAL_CONVERSION = YES;
				CLANG_WARN_OBJC_ROOT_CLASS = YES_ERROR;
				CLANG_WARN_RANGE_LOOP_ANALYSIS = YES;
				CLANG_WARN_STRICT_PROTOTYPES = YES;
				CLANG_WARN_SUSPICIOUS_MOVE = YES;
				CLANG_WARN_UNGUARDED_AVAILABILITY = YES_AGGRESSIVE;
				CLANG_WARN_UNREACHABLE_CODE = YES;
				CLANG_WARN__DUPLICATE_METHOD_MATCH = YES;
				CODE_SIGN_IDENTITY = "iPhone Developer";
				COPY_PHASE_STRIP = NO;
				DEBUG_INFORMATION_FORMAT = "dwarf-with-dsym";
				ENABLE_NS_ASSERTIONS = NO;
				ENABLE_STRICT_OBJC_MSGSEND = YES;
				GCC_C_LANGUAGE_STANDARD = gnu11;
				GCC_NO_COMMON_BLOCKS = YES;
				GCC_WARN_64_TO_32_BIT_CONVERSION = YES;
				GCC_WARN_ABOUT_RETURN_TYPE = YES_ERROR;
				GCC_WARN_UNDECLARED_SELECTOR = YES;
				GCC_WARN_UNINITIALIZED_AUTOS = YES_AGGRESSIVE;
				GCC_WARN_UNUSED_FUNCTION = YES;
				GCC_WARN_UNUSED_VARIABLE = YES;
				IPHONEOS_DEPLOYMENT_TARGET = 12.1;
				MTL_ENABLE_DEBUG_INFO = NO;
				MTL_FAST_MATH = YES;
				SDKROOT = iphoneos;
				SWIFT_COMPILATION_MODE = wholemodule;
				SWIFT_OPTIMIZATION_LEVEL = "-O";
				VALIDATE_PRODUCT = YES;
			};
			name = Release;
		};
		2A0C57AE2367424D004D1708 /* Debug */ = {
			isa = XCBuildConfiguration;
			buildSettings = {
				ASSETCATALOG_COMPILER_APPICON_NAME = AppIcon;
				CLANG_ENABLE_MODULES = YES;
				CODE_SIGN_STYLE = Automatic;
				INFOPLIST_FILE = TresPuntos/Info.plist;
				LD_RUNPATH_SEARCH_PATHS = (
					"$(inherited)",
					"@executable_path/Frameworks",
				);
				PRODUCT_BUNDLE_IDENTIFIER = xjsanchezf.TresPuntos;
				PRODUCT_NAME = "$(TARGET_NAME)";
				SWIFT_OBJC_BRIDGING_HEADER = "TresPuntos/SWRevealViewController/TresPuntos-Bridging-Header.h";
				SWIFT_OPTIMIZATION_LEVEL = "-Onone";
				SWIFT_VERSION = 4.2;
				TARGETED_DEVICE_FAMILY = 1;
			};
			name = Debug;
		};
		2A0C57AF2367424D004D1708 /* Release */ = {
			isa = XCBuildConfiguration;
			buildSettings = {
				ASSETCATALOG_COMPILER_APPICON_NAME = AppIcon;
				CLANG_ENABLE_MODULES = YES;
				CODE_SIGN_STYLE = Automatic;
				INFOPLIST_FILE = TresPuntos/Info.plist;
				LD_RUNPATH_SEARCH_PATHS = (
					"$(inherited)",
					"@executable_path/Frameworks",
				);
				PRODUCT_BUNDLE_IDENTIFIER = xjsanchezf.TresPuntos;
				PRODUCT_NAME = "$(TARGET_NAME)";
				SWIFT_OBJC_BRIDGING_HEADER = "TresPuntos/SWRevealViewController/TresPuntos-Bridging-Header.h";
				SWIFT_VERSION = 4.2;
				TARGETED_DEVICE_FAMILY = 1;
			};
			name = Release;
		};
/* End XCBuildConfiguration section */

/* Begin XCConfigurationList section */
		2A0C57932367424B004D1708 /* Build configuration list for PBXProject "TresPuntos" */ = {
			isa = XCConfigurationList;
			buildConfigurations = (
				2A0C57AB2367424D004D1708 /* Debug */,
				2A0C57AC2367424D004D1708 /* Release */,
			);
			defaultConfigurationIsVisible = 0;
			defaultConfigurationName = Release;
		};
		2A0C57AD2367424D004D1708 /* Build configuration list for PBXNativeTarget "TresPuntos" */ = {
			isa = XCConfigurationList;
			buildConfigurations = (
				2A0C57AE2367424D004D1708 /* Debug */,
				2A0C57AF2367424D004D1708 /* Release */,
			);
			defaultConfigurationIsVisible = 0;
			defaultConfigurationName = Release;
		};
/* End XCConfigurationList section */

/* Begin XCVersionGroup section */
		2A0C57A22367424B004D1708 /* TresPuntos.xcdatamodeld */ = {
			isa = XCVersionGroup;
			children = (
				2A0C57A32367424B004D1708 /* TresPuntos.xcdatamodel */,
			);
			currentVersion = 2A0C57A32367424B004D1708 /* TresPuntos.xcdatamodel */;
			path = TresPuntos.xcdatamodeld;
			sourceTree = "<group>";
			versionGroupType = wrapper.xcdatamodel;
		};
/* End XCVersionGroup section */
	};
	rootObject = 2A0C57902367424B004D1708 /* Project object */;
}
